
Microsoft Visual Studio Solution File, Format Version 12.00
# Visual Studio Version 17
VisualStudioVersion = 17.2.32630.192
MinimumVisualStudioVersion = 10.0.40219.1
Project("{FAE04EC0-301F-11D3-BF4B-00C04F79EFBC}") = "Lab4", "Lab4\Lab4.csproj", "{64517F4B-7128-49E8-B8E9-E4B298147486}"
EndProject
Global
	GlobalSection(SolutionConfigurationPlatforms) = preSolution
		Debug|Any CPU = Debug|Any CPU
		Release|Any CPU = Release|Any CPU
	EndGlobalSection
	GlobalSection(ProjectConfigurationPlatforms) = postSolution
		{64517F4B-7128-49E8-B8E9-E4B298147486}.Debug|Any CPU.ActiveCfg = Debug|Any CPU
		{64517F4B-7128-49E8-B8E9-E4B298147486}.Debug|Any CPU.Build.0 = Debug|Any CPU
		{64517F4B-7128-49E8-B8E9-E4B298147486}.Release|Any CPU.ActiveCfg = Release|Any CPU
		{64517F4B-7128-49E8-B8E9-E4B298147486}.Release|Any CPU.Build.0 = Release|Any CPU
	EndGlobalSection
	GlobalSection(SolutionProperties) = preSolution
		HideSolutionNode = FALSE
	EndGlobalSection
	GlobalSection(ExtensibilityGlobals) = postSolution
		SolutionGuid = {9EDD02AC-E1FC-45A6-AAE5-4535D4330A21}
	EndGlobalSection
EndGlobal
